
Microsoft Visual Studio Solution File, Format Version 12.00
# Visual Studio 15
VisualStudioVersion = 15.0.28010.2050
MinimumVisualStudioVersion = 10.0.40219.1
Project("{9A19103F-16F7-4668-BE54-9A1E7A4F7556}") = "EBDBClient", "EBDBClient.csproj", "{05404F38-6DFA-4CA7-8035-C3EF149B9450}"
EndProject
Global
	GlobalSection(SolutionConfigurationPlatforms) = preSolution
		Debug|Any CPU = Debug|Any CPU
		Release|Any CPU = Release|Any CPU
	EndGlobalSection
	GlobalSection(ProjectConfigurationPlatforms) = postSolution
		{05404F38-6DFA-4CA7-8035-C3EF149B9450}.Debug|Any CPU.ActiveCfg = Debug|Any CPU
		{05404F38-6DFA-4CA7-8035-C3EF149B9450}.Debug|Any CPU.Build.0 = Debug|Any CPU
		{05404F38-6DFA-4CA7-8035-C3EF149B9450}.Release|Any CPU.ActiveCfg = Release|Any CPU
		{05404F38-6DFA-4CA7-8035-C3EF149B9450}.Release|Any CPU.Build.0 = Release|Any CPU
	EndGlobalSection
	GlobalSection(SolutionProperties) = preSolution
		HideSolutionNode = FALSE
	EndGlobalSection
	GlobalSection(ExtensibilityGlobals) = postSolution
		SolutionGuid = {E200B1AE-1EBA-4BB0-BCAF-3C84459DED9A}
	EndGlobalSection
EndGlobal
